
Microsoft Visual Studio Solution File, Format Version 12.00
Project("{FAE04EC0-301F-11D3-BF4B-00C04F79EFBC}") = "NttTest", "NttTest\NttTest.csproj", "{1194182E-71DA-4A0B-ACA9-57EE65EAFF67}"
EndProject
Global
	GlobalSection(SolutionConfigurationPlatforms) = preSolution
		Debug|Any CPU = Debug|Any CPU
		Release|Any CPU = Release|Any CPU
	EndGlobalSection
	GlobalSection(ProjectConfigurationPlatforms) = postSolution
		{1194182E-71DA-4A0B-ACA9-57EE65EAFF67}.Debug|Any CPU.ActiveCfg = Debug|Any CPU
		{1194182E-71DA-4A0B-ACA9-57EE65EAFF67}.Debug|Any CPU.Build.0 = Debug|Any CPU
		{1194182E-71DA-4A0B-ACA9-57EE65EAFF67}.Release|Any CPU.ActiveCfg = Release|Any CPU
		{1194182E-71DA-4A0B-ACA9-57EE65EAFF67}.Release|Any CPU.Build.0 = Release|Any CPU
	EndGlobalSection
EndGlobal
